// !$*UTF8*$!
{
	archiveVersion = 1;
	classes = {
	};
	objectVersion = 77;
	objects = {

/* Begin PBXBuildFile section */
		455FBF2A2F88239E008A4D0A /* GoBirdieCore in Frameworks */ = {isa = PBXBuildFile; productRef = 455FBF292F88239E008A4D0A /* GoBirdieCore */; };
		455FBF2C2F8823B7008A4D0A /* GoBirdieCore in Frameworks */ = {isa = PBXBuildFile; productRef = 455FBF2B2F8823B7008A4D0A /* GoBirdieCore */; };
		456AA47F2F88BAB800AC1A95 /* tip.storekit in Resources */ = {isa = PBXBuildFile; fileRef = 456AA47E2F88BAB800AC1A95 /* tip.storekit */; };
		45985F3A2F86F41C00EB0B97 /* GoBirdie Watch App.app in Embed Watch Content */ = {isa = PBXBuildFile; fileRef = 45985F392F86F41C00EB0B97 /* GoBirdie Watch App.app */; settings = {ATTRIBUTES = (RemoveHeadersOnCopy, ); }; };
		45985F4F2F86F44F00EB0B97 /* GoBirdieCore in Frameworks */ = {isa = PBXBuildFile; productRef = 45985F4E2F86F44F00EB0B97 /* GoBirdieCore */; };
		45D124A82F8723770096196E /* MapLibre in Frameworks */ = {isa = PBXBuildFile; productRef = 45D124A72F8723770096196E /* MapLibre */; };
/* End PBXBuildFile section */

/* Begin PBXContainerItemProxy section */
		45985F3B2F86F41C00EB0B97 /* PBXContainerItemProxy */ = {
			isa = PBXContainerItemProxy;
			containerPortal = 45985F242F86F41A00EB0B97 /* Project object */;
			proxyType = 1;
			remoteGlobalIDString = 45985F382F86F41C00EB0B97;
			remoteInfo = "GoBirdie Watch App";
		};
/* End PBXContainerItemProxy section */

/* Begin PBXCopyFilesBuildPhase section */
		45985F492F86F41C00EB0B97 /* Embed Watch Content */ = {
			isa = PBXCopyFilesBuildPhase;
			buildActionMask = 2147483647;
			dstPath = "$(CONTENTS_FOLDER_PATH)/Watch";
			dstSubfolderSpec = 16;
			files = (
				45985F3A2F86F41C00EB0B97 /* GoBirdie Watch App.app in Embed Watch Content */,
			);
			name = "Embed Watch Content";
			runOnlyForDeploymentPostprocessing = 0;
		};
/* End PBXCopyFilesBuildPhase section */

/* Begin PBXFileReference section */
		454B1F9E2F92F80200DF34A3 /* H01-S3.gpx */ = {isa = PBXFileReference; lastKnownFileType = text.xml; name = "H01-S3.gpx"; path = "GPX/H01-S3.gpx"; sourceTree = "<group>"; };
		454B1F9F2F92F80200DF34A3 /* H08-S3.gpx */ = {isa = PBXFileReference; lastKnownFileType = text.xml; name = "H08-S3.gpx"; path = "GPX/H08-S3.gpx"; sourceTree = "<group>"; };
		454B1FA02F92F80200DF34A3 /* H09-S1.gpx */ = {isa = PBXFileReference; lastKnownFileType = text.xml; name = "H09-S1.gpx"; path = "GPX/H09-S1.gpx"; sourceTree = "<group>"; };
		454B1FA12F92F80300DF34A3 /* H06-S1.gpx */ = {isa = PBXFileReference; lastKnownFileType = text.xml; name = "H06-S1.gpx"; path = "GPX/H06-S1.gpx"; sourceTree = "<group>"; };
		454B1FA22F92F80300DF34A3 /* H04-S3.gpx */ = {isa = PBXFileReference; lastKnownFileType = text.xml; name = "H04-S3.gpx"; path = "GPX/H04-S3.gpx"; sourceTree = "<group>"; };
		454B1FA32F92F80300DF34A3 /* H05-S2.gpx */ = {isa = PBXFileReference; lastKnownFileType = text.xml; name = "H05-S2.gpx"; path = "GPX/H05-S2.gpx"; sourceTree = "<group>"; };
		454B1FA42F92F80300DF34A3 /* H05-S3.gpx */ = {isa = PBXFileReference; lastKnownFileType = text.xml; name = "H05-S3.gpx"; path = "GPX/H05-S3.gpx"; sourceTree = "<group>"; };
		454B1FA52F92F80300DF34A3 /* H02-S3.gpx */ = {isa = PBXFileReference; lastKnownFileType = text.xml; name = "H02-S3.gpx"; path = "GPX/H02-S3.gpx"; sourceTree = "<group>"; };
		454B1FA62F92F80300DF34A3 /* H01-S2.gpx */ = {isa = PBXFileReference; lastKnownFileType = text.xml; name = "H01-S2.gpx"; path = "GPX/H01-S2.gpx"; sourceTree = "<group>"; };
		454B1FA72F92F80300DF34A3 /* H07-S1.gpx */ = {isa = PBXFileReference; lastKnownFileType = text.xml; name = "H07-S1.gpx"; path = "GPX/H07-S1.gpx"; sourceTree = "<group>"; };
		454B1FA82F92F80300DF34A3 /* H04-S2.gpx */ = {isa = PBXFileReference; lastKnownFileType = text.xml; name = "H04-S2.gpx"; path = "GPX/H04-S2.gpx"; sourceTree = "<group>"; };
		454B1FA92F92F80300DF34A3 /* H05-S1.gpx */ = {isa = PBXFileReference; lastKnownFileType = text.xml; name = "H05-S1.gpx"; path = "GPX/H05-S1.gpx"; sourceTree = "<group>"; };
		454B1FAA2F92F80300DF34A3 /* H01-S1.gpx */ = {isa = PBXFileReference; lastKnownFileType = text.xml; name = "H01-S1.gpx"; path = "GPX/H01-S1.gpx"; sourceTree = "<group>"; };
		454B1FAB2F92F80300DF34A3 /* H02-S1.gpx */ = {isa = PBXFileReference; lastKnownFileType = text.xml; name = "H02-S1.gpx"; path = "GPX/H02-S1.gpx"; sourceTree = "<group>"; };
		454B1FAC2F92F80300DF34A3 /* H08-S1.gpx */ = {isa = PBXFileReference; lastKnownFileType = text.xml; name = "H08-S1.gpx"; path = "GPX/H08-S1.gpx"; sourceTree = "<group>"; };
		454B1FAD2F92F80300DF34A3 /* H02-S2.gpx */ = {isa = PBXFileReference; lastKnownFileType = text.xml; name = "H02-S2.gpx"; path = "GPX/H02-S2.gpx"; sourceTree = "<group>"; };
		454B1FAE2F92F80300DF34A3 /* H06-S2.gpx */ = {isa = PBXFileReference; lastKnownFileType = text.xml; name = "H06-S2.gpx"; path = "GPX/H06-S2.gpx"; sourceTree = "<group>"; };
		454B1FAF2F92F80300DF34A3 /* H08-S2.gpx */ = {isa = PBXFileReference; lastKnownFileType = text.xml; name = "H08-S2.gpx"; path = "GPX/H08-S2.gpx"; sourceTree = "<group>"; };
		454B1FB02F92F80300DF34A3 /* H04-S1.gpx */ = {isa = PBXFileReference; lastKnownFileType = text.xml; name = "H04-S1.gpx"; path = "GPX/H04-S1.gpx"; sourceTree = "<group>"; };
		454B1FB12F92F80300DF34A3 /* H03-S1.gpx */ = {isa = PBXFileReference; lastKnownFileType = text.xml; name = "H03-S1.gpx"; path = "GPX/H03-S1.gpx"; sourceTree = "<group>"; };
		456AA47E2F88BAB800AC1A95 /* tip.storekit */ = {isa = PBXFileReference; lastKnownFileType = text; path = tip.storekit; sourceTree = "<group>"; };
		45985F2C2F86F41A00EB0B97 /* GoBirdie.app */ = {isa = PBXFileReference; explicitFileType = wrapper.application; includeInIndex = 0; path = GoBirdie.app; sourceTree = BUILT_PRODUCTS_DIR; };
		45985F392F86F41C00EB0B97 /* GoBirdie Watch App.app */ = {isa = PBXFileReference; explicitFileType = wrapper.application; includeInIndex = 0; path = "GoBirdie Watch App.app"; sourceTree = BUILT_PRODUCTS_DIR; };
/* End PBXFileReference section */

/* Begin PBXFileSystemSynchronizedBuildFileExceptionSet section */
		45E795282F8DFEC9007EED1D /* Exceptions for "GoBirdie" folder in "GoBirdie" target */ = {
			isa = PBXFileSystemSynchronizedBuildFileExceptionSet;
			membershipExceptions = (
				Info.plist,
			);
			target = 45985F2B2F86F41A00EB0B97 /* GoBirdie */;
		};
/* End PBXFileSystemSynchronizedBuildFileExceptionSet section */

/* Begin PBXFileSystemSynchronizedRootGroup section */
		456AA3402F88B12300AC1A95 /* GoBirdie */ = {
			isa = PBXFileSystemSynchronizedRootGroup;
			exceptions = (
				45E795282F8DFEC9007EED1D /* Exceptions for "GoBirdie" folder in "GoBirdie" target */,
			);
			path = GoBirdie;
			sourceTree = "<group>";
		};
		45985F3D2F86F41C00EB0B97 /* GoBirdie Watch App */ = {
			isa = PBXFileSystemSynchronizedRootGroup;
			path = "GoBirdie Watch App";
			sourceTree = "<group>";
		};
/* End PBXFileSystemSynchronizedRootGroup section */

/* Begin PBXFrameworksBuildPhase section */
		45985F292F86F41A00EB0B97 /* Frameworks */ = {
			isa = PBXFrameworksBuildPhase;
			buildActionMask = 2147483647;
			files = (
				45D124A82F8723770096196E /* MapLibre in Frameworks */,
				455FBF2A2F88239E008A4D0A /* GoBirdieCore in Frameworks */,
				45985F4F2F86F44F00EB0B97 /* GoBirdieCore in Frameworks */,
			);
			runOnlyForDeploymentPostprocessing = 0;
		};
		45985F362F86F41C00EB0B97 /* Frameworks */ = {
			isa = PBXFrameworksBuildPhase;
			buildActionMask = 2147483647;
			files = (
				455FBF2C2F8823B7008A4D0A /* GoBirdieCore in Frameworks */,
			);
			runOnlyForDeploymentPostprocessing = 0;
		};
/* End PBXFrameworksBuildPhase section */

/* Begin PBXGroup section */
		45985F232F86F41A00EB0B97 = {
			isa = PBXGroup;
			children = (
				454B1FAA2F92F80300DF34A3 /* H01-S1.gpx */,
				454B1FA62F92F80300DF34A3 /* H01-S2.gpx */,
				454B1F9E2F92F80200DF34A3 /* H01-S3.gpx */,
				454B1FAB2F92F80300DF34A3 /* H02-S1.gpx */,
				454B1FAD2F92F80300DF34A3 /* H02-S2.gpx */,
				454B1FA52F92F80300DF34A3 /* H02-S3.gpx */,
				454B1FB12F92F80300DF34A3 /* H03-S1.gpx */,
				454B1FB02F92F80300DF34A3 /* H04-S1.gpx */,
				454B1FA82F92F80300DF34A3 /* H04-S2.gpx */,
				454B1FA22F92F80300DF34A3 /* H04-S3.gpx */,
				454B1FA92F92F80300DF34A3 /* H05-S1.gpx */,
				454B1FA32F92F80300DF34A3 /* H05-S2.gpx */,
				454B1FA42F92F80300DF34A3 /* H05-S3.gpx */,
				454B1FA12F92F80300DF34A3 /* H06-S1.gpx */,
				454B1FAE2F92F80300DF34A3 /* H06-S2.gpx */,
				454B1FA72F92F80300DF34A3 /* H07-S1.gpx */,
				454B1FAC2F92F80300DF34A3 /* H08-S1.gpx */,
				454B1FAF2F92F80300DF34A3 /* H08-S2.gpx */,
				454B1F9F2F92F80200DF34A3 /* H08-S3.gpx */,
				454B1FA02F92F80200DF34A3 /* H09-S1.gpx */,
				456AA47E2F88BAB800AC1A95 /* tip.storekit */,
				456AA3402F88B12300AC1A95 /* GoBirdie */,
				45985F3D2F86F41C00EB0B97 /* GoBirdie Watch App */,
				45985F502F86F45B00EB0B97 /* Frameworks */,
				45985F2D2F86F41A00EB0B97 /* Products */,
			);
			sourceTree = "<group>";
		};
		45985F2D2F86F41A00EB0B97 /* Products */ = {
			isa = PBXGroup;
			children = (
				45985F2C2F86F41A00EB0B97 /* GoBirdie.app */,
				45985F392F86F41C00EB0B97 /* GoBirdie Watch App.app */,
			);
			name = Products;
			sourceTree = "<group>";
		};
		45985F502F86F45B00EB0B97 /* Frameworks */ = {
			isa = PBXGroup;
			children = (
			);
			name = Frameworks;
			sourceTree = "<group>";
		};
/* End PBXGroup section */

/* Begin PBXNativeTarget section */
		45985F2B2F86F41A00EB0B97 /* GoBirdie */ = {
			isa = PBXNativeTarget;
			buildConfigurationList = 45985F4A2F86F41C00EB0B97 /* Build configuration list for PBXNativeTarget "GoBirdie" */;
			buildPhases = (
				45985F282F86F41A00EB0B97 /* Sources */,
				45985F292F86F41A00EB0B97 /* Frameworks */,
				45985F2A2F86F41A00EB0B97 /* Resources */,
				45985F492F86F41C00EB0B97 /* Embed Watch Content */,
			);
			buildRules = (
			);
			dependencies = (
				45985F3C2F86F41C00EB0B97 /* PBXTargetDependency */,
			);
			fileSystemSynchronizedGroups = (
				456AA3402F88B12300AC1A95 /* GoBirdie */,
			);
			name = GoBirdie;
			packageProductDependencies = (
				45985F4E2F86F44F00EB0B97 /* GoBirdieCore */,
				45D124A72F8723770096196E /* MapLibre */,
				455FBF292F88239E008A4D0A /* GoBirdieCore */,
			);
			productName = GoBirdie;
			productReference = 45985F2C2F86F41A00EB0B97 /* GoBirdie.app */;
			productType = "com.apple.product-type.application";
		};
		45985F382F86F41C00EB0B97 /* GoBirdie Watch App */ = {
			isa = PBXNativeTarget;
			buildConfigurationList = 45985F462F86F41C00EB0B97 /* Build configuration list for PBXNativeTarget "GoBirdie Watch App" */;
			buildPhases = (
				45985F352F86F41C00EB0B97 /* Sources */,
				45985F362F86F41C00EB0B97 /* Frameworks */,
				45985F372F86F41C00EB0B97 /* Resources */,
			);
			buildRules = (
			);
			dependencies = (
			);
			fileSystemSynchronizedGroups = (
				45985F3D2F86F41C00EB0B97 /* GoBirdie Watch App */,
			);
			name = "GoBirdie Watch App";
			packageProductDependencies = (
				455FBF2B2F8823B7008A4D0A /* GoBirdieCore */,
			);
			productName = "GoBirdie Watch App";
			productReference = 45985F392F86F41C00EB0B97 /* GoBirdie Watch App.app */;
			productType = "com.apple.product-type.application";
		};
/* End PBXNativeTarget section */

/* Begin PBXProject section */
		45985F242F86F41A00EB0B97 /* Project object */ = {
			isa = PBXProject;
			attributes = {
				BuildIndependentTargetsInParallel = 1;
				LastSwiftUpdateCheck = 2620;
				LastUpgradeCheck = 2620;
				TargetAttributes = {
					45985F2B2F86F41A00EB0B97 = {
						CreatedOnToolsVersion = 26.2;
					};
					45985F382F86F41C00EB0B97 = {
						CreatedOnToolsVersion = 26.2;
					};
				};
			};
			buildConfigurationList = 45985F272F86F41A00EB0B97 /* Build configuration list for PBXProject "GoBirdie" */;
			developmentRegion = en;
			hasScannedForEncodings = 0;
			knownRegions = (
				en,
				Base,
			);
			mainGroup = 45985F232F86F41A00EB0B97;
			minimizedProjectReferenceProxies = 1;
			packageReferences = (
				45D124A62F8723770096196E /* XCRemoteSwiftPackageReference "maplibre-gl-native-distribution" */,
				455FBF282F88239E008A4D0A /* XCLocalSwiftPackageReference "GoBirdieCore" */,
			);
			preferredProjectObjectVersion = 77;
			productRefGroup = 45985F2D2F86F41A00EB0B97 /* Products */;
			projectDirPath = "";
			projectRoot = "";
			targets = (
				45985F2B2F86F41A00EB0B97 /* GoBirdie */,
				45985F382F86F41C00EB0B97 /* GoBirdie Watch App */,
			);
		};
/* End PBXProject section */

/* Begin PBXResourcesBuildPhase section */
		45985F2A2F86F41A00EB0B97 /* Resources */ = {
			isa = PBXResourcesBuildPhase;
			buildActionMask = 2147483647;
			files = (
				456AA47F2F88BAB800AC1A95 /* tip.storekit in Resources */,
			);
			runOnlyForDeploymentPostprocessing = 0;
		};
		45985F372F86F41C00EB0B97 /* Resources */ = {
			isa = PBXResourcesBuildPhase;
			buildActionMask = 2147483647;
			files = (
			);
			runOnlyForDeploymentPostprocessing = 0;
		};
/* End PBXResourcesBuildPhase section */

/* Begin PBXSourcesBuildPhase section */
		45985F282F86F41A00EB0B97 /* Sources */ = {
			isa = PBXSourcesBuildPhase;
			buildActionMask = 2147483647;
			files = (
			);
			runOnlyForDeploymentPostprocessing = 0;
		};
		45985F352F86F41C00EB0B97 /* Sources */ = {
			isa = PBXSourcesBuildPhase;
			buildActionMask = 2147483647;
			files = (
			);
			runOnlyForDeploymentPostprocessing = 0;
		};
/* End PBXSourcesBuildPhase section */

/* Begin PBXTargetDependency section */
		45985F3C2F86F41C00EB0B97 /* PBXTargetDependency */ = {
			isa = PBXTargetDependency;
			target = 45985F382F86F41C00EB0B97 /* GoBirdie Watch App */;
			targetProxy = 45985F3B2F86F41C00EB0B97 /* PBXContainerItemProxy */;
		};
/* End PBXTargetDependency section */

/* Begin XCBuildConfiguration section */
		45985F442F86F41C00EB0B97 /* Debug */ = {
			isa = XCBuildConfiguration;
			buildSettings = {
				ALWAYS_SEARCH_USER_PATHS = NO;
				ASSETCATALOG_COMPILER_GENERATE_SWIFT_ASSET_SYMBOL_EXTENSIONS = YES;
				CLANG_ANALYZER_NONNULL = YES;
				CLANG_ANALYZER_NUMBER_OBJECT_CONVERSION = YES_AGGRESSIVE;
				CLANG_CXX_LANGUAGE_STANDARD = "gnu++20";
				CLANG_ENABLE_MODULES = YES;
				CLANG_ENABLE_OBJC_ARC = YES;
				CLANG_ENABLE_OBJC_WEAK = YES;
				CLANG_WARN_BLOCK_CAPTURE_AUTORELEASING = YES;
				CLANG_WARN_BOOL_CONVERSION = YES;
				CLANG_WARN_COMMA = YES;
				CLANG_WARN_CONSTANT_CONVERSION = YES;
				CLANG_WARN_DEPRECATED_OBJC_IMPLEMENTATIONS = YES;
				CLANG_WARN_DIRECT_OBJC_ISA_USAGE = YES_ERROR;
				CLANG_WARN_DOCUMENTATION_COMMENTS = YES;
				CLANG_WARN_EMPTY_BODY = YES;
				CLANG_WARN_ENUM_CONVERSION = YES;
				CLANG_WARN_INFINITE_RECURSION = YES;
				CLANG_WARN_INT_CONVERSION = YES;
				CLANG_WARN_NON_LITERAL_NULL_CONVERSION = YES;
				CLANG_WARN_OBJC_IMPLICIT_RETAIN_SELF = YES;
				CLANG_WARN_OBJC_LITERAL_CONVERSION = YES;
				CLANG_WARN_OBJC_ROOT_CLASS = YES_ERROR;
				CLANG_WARN_QUOTED_INCLUDE_IN_FRAMEWORK_HEADER = YES;
				CLANG_WARN_RANGE_LOOP_ANALYSIS = YES;
				CLANG_WARN_STRICT_PROTOTYPES = YES;
				CLANG_WARN_SUSPICIOUS_MOVE = YES;
				CLANG_WARN_UNGUARDED_AVAILABILITY = YES_AGGRESSIVE;
				CLANG_WARN_UNREACHABLE_CODE = YES;
				CLANG_WARN__DUPLICATE_METHOD_MATCH = YES;
				COPY_PHASE_STRIP = NO;
				DEBUG_INFORMATION_FORMAT = dwarf;
				DEVELOPMENT_TEAM = ZQLSUECJ46;
				ENABLE_STRICT_OBJC_MSGSEND = YES;
				ENABLE_TESTABILITY = YES;
				ENABLE_USER_SCRIPT_SANDBOXING = YES;
				GCC_C_LANGUAGE_STANDARD = gnu17;
				GCC_DYNAMIC_NO_PIC = NO;
				GCC_NO_COMMON_BLOCKS = YES;
				GCC_OPTIMIZATION_LEVEL = 0;
				GCC_PREPROCESSOR_DEFINITIONS = (
					"DEBUG=1",
					"$(inherited)",
				);
				GCC_WARN_64_TO_32_BIT_CONVERSION = YES;
				GCC_WARN_ABOUT_RETURN_TYPE = YES_ERROR;
				GCC_WARN_UNDECLARED_SELECTOR = YES;
				GCC_WARN_UNINITIALIZED_AUTOS = YES_AGGRESSIVE;
				GCC_WARN_UNUSED_FUNCTION = YES;
				GCC_WARN_UNUSED_VARIABLE = YES;
				LOCALIZATION_PREFERS_STRING_CATALOGS = YES;
				MTL_ENABLE_DEBUG_INFO = INCLUDE_SOURCE;
				MTL_FAST_MATH = YES;
				ONLY_ACTIVE_ARCH = YES;
				SWIFT_ACTIVE_COMPILATION_CONDITIONS = "DEBUG $(inherited)";
				SWIFT_OPTIMIZATION_LEVEL = "-Onone";
			};
			name = Debug;
		};
		45985F452F86F41C00EB0B97 /* Release */ = {
			isa = XCBuildConfiguration;
			buildSettings = {
				ALWAYS_SEARCH_USER_PATHS = NO;
				ASSETCATALOG_COMPILER_GENERATE_SWIFT_ASSET_SYMBOL_EXTENSIONS = YES;
				CLANG_ANALYZER_NONNULL = YES;
				CLANG_ANALYZER_NUMBER_OBJECT_CONVERSION = YES_AGGRESSIVE;
				CLANG_CXX_LANGUAGE_STANDARD = "gnu++20";
				CLANG_ENABLE_MODULES = YES;
				CLANG_ENABLE_OBJC_ARC = YES;
				CLANG_ENABLE_OBJC_WEAK = YES;
				CLANG_WARN_BLOCK_CAPTURE_AUTORELEASING = YES;
				CLANG_WARN_BOOL_CONVERSION = YES;
				CLANG_WARN_COMMA = YES;
				CLANG_WARN_CONSTANT_CONVERSION = YES;
				CLANG_WARN_DEPRECATED_OBJC_IMPLEMENTATIONS = YES;
				CLANG_WARN_DIRECT_OBJC_ISA_USAGE = YES_ERROR;
				CLANG_WARN_DOCUMENTATION_COMMENTS = YES;
				CLANG_WARN_EMPTY_BODY = YES;
				CLANG_WARN_ENUM_CONVERSION = YES;
				CLANG_WARN_INFINITE_RECURSION = YES;
				CLANG_WARN_INT_CONVERSION = YES;
				CLANG_WARN_NON_LITERAL_NULL_CONVERSION = YES;
				CLANG_WARN_OBJC_IMPLICIT_RETAIN_SELF = YES;
				CLANG_WARN_OBJC_LITERAL_CONVERSION = YES;
				CLANG_WARN_OBJC_ROOT_CLASS = YES_ERROR;
				CLANG_WARN_QUOTED_INCLUDE_IN_FRAMEWORK_HEADER = YES;
				CLANG_WARN_RANGE_LOOP_ANALYSIS = YES;
				CLANG_WARN_STRICT_PROTOTYPES = YES;
				CLANG_WARN_SUSPICIOUS_MOVE = YES;
				CLANG_WARN_UNGUARDED_AVAILABILITY = YES_AGGRESSIVE;
				CLANG_WARN_UNREACHABLE_CODE = YES;
				CLANG_WARN__DUPLICATE_METHOD_MATCH = YES;
				COPY_PHASE_STRIP = NO;
				DEBUG_INFORMATION_FORMAT = "dwarf-with-dsym";
				DEVELOPMENT_TEAM = ZQLSUECJ46;
				ENABLE_NS_ASSERTIONS = NO;
				ENABLE_STRICT_OBJC_MSGSEND = YES;
				ENABLE_USER_SCRIPT_SANDBOXING = YES;
				GCC_C_LANGUAGE_STANDARD = gnu17;
				GCC_NO_COMMON_BLOCKS = YES;
				GCC_WARN_64_TO_32_BIT_CONVERSION = YES;
				GCC_WARN_ABOUT_RETURN_TYPE = YES_ERROR;
				GCC_WARN_UNDECLARED_SELECTOR = YES;
				GCC_WARN_UNINITIALIZED_AUTOS = YES_AGGRESSIVE;
				GCC_WARN_UNUSED_FUNCTION = YES;
				GCC_WARN_UNUSED_VARIABLE = YES;
				LOCALIZATION_PREFERS_STRING_CATALOGS = YES;
				MTL_ENABLE_DEBUG_INFO = NO;
				MTL_FAST_MATH = YES;
				SWIFT_COMPILATION_MODE = wholemodule;
			};
			name = Release;
		};
		45985F472F86F41C00EB0B97 /* Debug */ = {
			isa = XCBuildConfiguration;
			buildSettings = {
				ASSETCATALOG_COMPILER_APPICON_NAME = AppIcon;
				ASSETCATALOG_COMPILER_GLOBAL_ACCENT_COLOR_NAME = AccentColor;
				CODE_SIGN_STYLE = Automatic;
				CURRENT_PROJECT_VERSION = 1;
				DEVELOPMENT_TEAM = ZQLSUECJ46;
				ENABLE_PREVIEWS = YES;
				GENERATE_INFOPLIST_FILE = YES;
				INFOPLIST_KEY_CFBundleDisplayName = GoBirdie;
				INFOPLIST_KEY_NSHealthShareUsageDescription = "GoBirdie uses HealthKit to track your golf workout.";
				INFOPLIST_KEY_NSHealthUpdateUsageDescription = "GoBirdie uses HealthKit to track your golf workout and keep GPS active.";
				INFOPLIST_KEY_NSLocationWhenInUseUsageDescription = "GoBirdie needs your location to calculate distances to the green.";
				INFOPLIST_KEY_UISupportedInterfaceOrientations = "UIInterfaceOrientationPortrait UIInterfaceOrientationPortraitUpsideDown";
				INFOPLIST_KEY_WKCompanionAppBundleIdentifier = io.github.nicechester.GoBirdie;
				LD_RUNPATH_SEARCH_PATHS = (
					"$(inherited)",
					"@executable_path/Frameworks",
				);
				MARKETING_VERSION = 1.0;
				PRODUCT_BUNDLE_IDENTIFIER = io.github.nicechester.GoBirdie.watchkitapp;
				PRODUCT_NAME = "$(TARGET_NAME)";
				SDKROOT = watchos;
				SKIP_INSTALL = YES;
				STRING_CATALOG_GENERATE_SYMBOLS = YES;
				SWIFT_APPROACHABLE_CONCURRENCY = YES;
				SWIFT_DEFAULT_ACTOR_ISOLATION = MainActor;
				SWIFT_EMIT_LOC_STRINGS = YES;
				SWIFT_UPCOMING_FEATURE_MEMBER_IMPORT_VISIBILITY = YES;
				SWIFT_VERSION = 5.0;
				TARGETED_DEVICE_FAMILY = 4;
				WATCHOS_DEPLOYMENT_TARGET = 26.2;
			};
			name = Debug;
		};
		45985F482F86F41C00EB0B97 /* Release */ = {
			isa = XCBuildConfiguration;
			buildSettings = {
				ASSETCATALOG_COMPILER_APPICON_NAME = AppIcon;
				ASSETCATALOG_COMPILER_GLOBAL_ACCENT_COLOR_NAME = AccentColor;
				CODE_SIGN_STYLE = Automatic;
				CURRENT_PROJECT_VERSION = 1;
				DEVELOPMENT_TEAM = ZQLSUECJ46;
				ENABLE_PREVIEWS = YES;
				GENERATE_INFOPLIST_FILE = YES;
				INFOPLIST_KEY_CFBundleDisplayName = GoBirdie;
				INFOPLIST_KEY_NSHealthShareUsageDescription = "GoBirdie uses HealthKit to track your golf workout.";
				INFOPLIST_KEY_NSHealthUpdateUsageDescription = "GoBirdie uses HealthKit to track your golf workout and keep GPS active.";
				INFOPLIST_KEY_NSLocationWhenInUseUsageDescription = "GoBirdie needs your location to calculate distances to the green.";
				INFOPLIST_KEY_UISupportedInterfaceOrientations = "UIInterfaceOrientationPortrait UIInterfaceOrientationPortraitUpsideDown";
				INFOPLIST_KEY_WKCompanionAppBundleIdentifier = io.github.nicechester.GoBirdie;
				LD_RUNPATH_SEARCH_PATHS = (
					"$(inherited)",
					"@executable_path/Frameworks",
				);
				MARKETING_VERSION = 1.0;
				PRODUCT_BUNDLE_IDENTIFIER = io.github.nicechester.GoBirdie.watchkitapp;
				PRODUCT_NAME = "$(TARGET_NAME)";
				SDKROOT = watchos;
				SKIP_INSTALL = YES;
				STRING_CATALOG_GENERATE_SYMBOLS = YES;
				SWIFT_APPROACHABLE_CONCURRENCY = YES;
				SWIFT_DEFAULT_ACTOR_ISOLATION = MainActor;
				SWIFT_EMIT_LOC_STRINGS = YES;
				SWIFT_UPCOMING_FEATURE_MEMBER_IMPORT_VISIBILITY = YES;
				SWIFT_VERSION = 5.0;
				TARGETED_DEVICE_FAMILY = 4;
				VALIDATE_PRODUCT = YES;
				WATCHOS_DEPLOYMENT_TARGET = 26.2;
			};
			name = Release;
		};
		45985F4B2F86F41C00EB0B97 /* Debug */ = {
			isa = XCBuildConfiguration;
			buildSettings = {
				ASSETCATALOG_COMPILER_APPICON_NAME = AppIcon;
				ASSETCATALOG_COMPILER_GLOBAL_ACCENT_COLOR_NAME = AccentColor;
				CODE_SIGN_STYLE = Automatic;
				CURRENT_PROJECT_VERSION = 1;
				DEVELOPMENT_TEAM = ZQLSUECJ46;
				ENABLE_PREVIEWS = YES;
				GENERATE_INFOPLIST_FILE = YES;
				INFOPLIST_FILE = GoBirdie/Info.plist;
				INFOPLIST_KEY_CFBundleDisplayName = GoBirdie;
				INFOPLIST_KEY_NSLocalNetworkUsageDescription = "GoBirdie uses the local network to sync rounds with the desktop app.";
				INFOPLIST_KEY_NSLocationAlwaysAndWhenInUseUsageDescription = "GoBirdie uses your location in the background to track your round and update distances on your Apple Watch.";
				INFOPLIST_KEY_NSLocationWhenInUseUsageDescription = "GoBirdie uses your location to show distances to the green and find nearby courses.\n";
				INFOPLIST_KEY_UIApplicationSceneManifest_Generation = YES;
				INFOPLIST_KEY_UIApplicationSupportsIndirectInputEvents = YES;
				INFOPLIST_KEY_UILaunchScreen_Generation = YES;
				INFOPLIST_KEY_UISupportedInterfaceOrientations_iPad = "UIInterfaceOrientationPortrait UIInterfaceOrientationPortraitUpsideDown UIInterfaceOrientationLandscapeLeft UIInterfaceOrientationLandscapeRight";
				INFOPLIST_KEY_UISupportedInterfaceOrientations_iPhone = "UIInterfaceOrientationPortrait UIInterfaceOrientationLandscapeLeft UIInterfaceOrientationLandscapeRight";
				IPHONEOS_DEPLOYMENT_TARGET = 26.2;
				LD_RUNPATH_SEARCH_PATHS = (
					"$(inherited)",
					"@executable_path/Frameworks",
				);
				MARKETING_VERSION = 1.0;
				PRODUCT_BUNDLE_IDENTIFIER = io.github.nicechester.GoBirdie;
				PRODUCT_NAME = "$(TARGET_NAME)";
				SDKROOT = iphoneos;
				STRING_CATALOG_GENERATE_SYMBOLS = YES;
				SWIFT_APPROACHABLE_CONCURRENCY = YES;
				SWIFT_DEFAULT_ACTOR_ISOLATION = MainActor;
				SWIFT_EMIT_LOC_STRINGS = YES;
				SWIFT_UPCOMING_FEATURE_MEMBER_IMPORT_VISIBILITY = YES;
				SWIFT_VERSION = 5.0;
				TARGETED_DEVICE_FAMILY = "1,2";
			};
			name = Debug;
		};
		45985F4C2F86F41C00EB0B97 /* Release */ = {
			isa = XCBuildConfiguration;
			buildSettings = {
				ASSETCATALOG_COMPILER_APPICON_NAME = AppIcon;
				ASSETCATALOG_COMPILER_GLOBAL_ACCENT_COLOR_NAME = AccentColor;
				CODE_SIGN_STYLE = Automatic;
				CURRENT_PROJECT_VERSION = 1;
				DEVELOPMENT_TEAM = ZQLSUECJ46;
				ENABLE_PREVIEWS = YES;
				GENERATE_INFOPLIST_FILE = YES;
				INFOPLIST_FILE = GoBirdie/Info.plist;
				INFOPLIST_KEY_CFBundleDisplayName = GoBirdie;
				INFOPLIST_KEY_NSLocalNetworkUsageDescription = "GoBirdie uses the local network to sync rounds with the desktop app.";
				INFOPLIST_KEY_NSLocationAlwaysAndWhenInUseUsageDescription = "GoBirdie uses your location in the background to track your round and update distances on your Apple Watch.";
				INFOPLIST_KEY_NSLocationWhenInUseUsageDescription = "GoBirdie uses your location to show distances to the green and find nearby courses.\n";
				INFOPLIST_KEY_UIApplicationSceneManifest_Generation = YES;
				INFOPLIST_KEY_UIApplicationSupportsIndirectInputEvents = YES;
				INFOPLIST_KEY_UILaunchScreen_Generation = YES;
				INFOPLIST_KEY_UISupportedInterfaceOrientations_iPad = "UIInterfaceOrientationPortrait UIInterfaceOrientationPortraitUpsideDown UIInterfaceOrientationLandscapeLeft UIInterfaceOrientationLandscapeRight";
				INFOPLIST_KEY_UISupportedInterfaceOrientations_iPhone = "UIInterfaceOrientationPortrait UIInterfaceOrientationLandscapeLeft UIInterfaceOrientationLandscapeRight";
				IPHONEOS_DEPLOYMENT_TARGET = 26.2;
				LD_RUNPATH_SEARCH_PATHS = (
					"$(inherited)",
					"@executable_path/Frameworks",
				);
				MARKETING_VERSION = 1.0;
				PRODUCT_BUNDLE_IDENTIFIER = io.github.nicechester.GoBirdie;
				PRODUCT_NAME = "$(TARGET_NAME)";
				SDKROOT = iphoneos;
				STRING_CATALOG_GENERATE_SYMBOLS = YES;
				SWIFT_APPROACHABLE_CONCURRENCY = YES;
				SWIFT_DEFAULT_ACTOR_ISOLATION = MainActor;
				SWIFT_EMIT_LOC_STRINGS = YES;
				SWIFT_UPCOMING_FEATURE_MEMBER_IMPORT_VISIBILITY = YES;
				SWIFT_VERSION = 5.0;
				TARGETED_DEVICE_FAMILY = "1,2";
				VALIDATE_PRODUCT = YES;
			};
			name = Release;
		};
/* End XCBuildConfiguration section */

/* Begin XCConfigurationList section */
		45985F272F86F41A00EB0B97 /* Build configuration list for PBXProject "GoBirdie" */ = {
			isa = XCConfigurationList;
			buildConfigurations = (
				45985F442F86F41C00EB0B97 /* Debug */,
				45985F452F86F41C00EB0B97 /* Release */,
			);
			defaultConfigurationIsVisible = 0;
			defaultConfigurationName = Release;
		};
		45985F462F86F41C00EB0B97 /* Build configuration list for PBXNativeTarget "GoBirdie Watch App" */ = {
			isa = XCConfigurationList;
			buildConfigurations = (
				45985F472F86F41C00EB0B97 /* Debug */,
				45985F482F86F41C00EB0B97 /* Release */,
			);
			defaultConfigurationIsVisible = 0;
			defaultConfigurationName = Release;
		};
		45985F4A2F86F41C00EB0B97 /* Build configuration list for PBXNativeTarget "GoBirdie" */ = {
			isa = XCConfigurationList;
			buildConfigurations = (
				45985F4B2F86F41C00EB0B97 /* Debug */,
				45985F4C2F86F41C00EB0B97 /* Release */,
			);
			defaultConfigurationIsVisible = 0;
			defaultConfigurationName = Release;
		};
/* End XCConfigurationList section */

/* Begin XCLocalSwiftPackageReference section */
		455FBF282F88239E008A4D0A /* XCLocalSwiftPackageReference "GoBirdieCore" */ = {
			isa = XCLocalSwiftPackageReference;
			relativePath = GoBirdieCore;
		};
/* End XCLocalSwiftPackageReference section */

/* Begin XCRemoteSwiftPackageReference section */
		45D124A62F8723770096196E /* XCRemoteSwiftPackageReference "maplibre-gl-native-distribution" */ = {
			isa = XCRemoteSwiftPackageReference;
			repositoryURL = "https://github.com/maplibre/maplibre-gl-native-distribution";
			requirement = {
				kind = upToNextMajorVersion;
				minimumVersion = 6.25.0;
			};
		};
/* End XCRemoteSwiftPackageReference section */

/* Begin XCSwiftPackageProductDependency section */
		455FBF292F88239E008A4D0A /* GoBirdieCore */ = {
			isa = XCSwiftPackageProductDependency;
			productName = GoBirdieCore;
		};
		455FBF2B2F8823B7008A4D0A /* GoBirdieCore */ = {
			isa = XCSwiftPackageProductDependency;
			package = 455FBF282F88239E008A4D0A /* XCLocalSwiftPackageReference "GoBirdieCore" */;
			productName = GoBirdieCore;
		};
		45985F4E2F86F44F00EB0B97 /* GoBirdieCore */ = {
			isa = XCSwiftPackageProductDependency;
			productName = GoBirdieCore;
		};
		45D124A72F8723770096196E /* MapLibre */ = {
			isa = XCSwiftPackageProductDependency;
			package = 45D124A62F8723770096196E /* XCRemoteSwiftPackageReference "maplibre-gl-native-distribution" */;
			productName = MapLibre;
		};
/* End XCSwiftPackageProductDependency section */
	};
	rootObject = 45985F242F86F41A00EB0B97 /* Project object */;
}
